// !$*UTF8*$!
{
	archiveVersion = 1;
	classes = {
	};
	objectVersion = 48;
	objects = {

/* Begin PBXBuildFile section */
		673B6F921F62CFFB009EFF82 /* DancingFingers.swift in Sources */ = {isa = PBXBuildFile; fileRef = 673B6F911F62CFFB009EFF82 /* DancingFingers.swift */; };
		673B6F931F62CFFB009EFF82 /* DancingFingers.swift in Sources */ = {isa = PBXBuildFile; fileRef = 673B6F911F62CFFB009EFF82 /* DancingFingers.swift */; };
		67E549051F03DFBB001D25B7 /* AppDelegate.swift in Sources */ = {isa = PBXBuildFile; fileRef = 67E549041F03DFBB001D25B7 /* AppDelegate.swift */; };
		67E549071F03DFBB001D25B7 /* ViewController.swift in Sources */ = {isa = PBXBuildFile; fileRef = 67E549061F03DFBB001D25B7 /* ViewController.swift */; };
		67E549091F03DFBB001D25B7 /* Assets.xcassets in Resources */ = {isa = PBXBuildFile; fileRef = 67E549081F03DFBB001D25B7 /* Assets.xcassets */; };
		67E5490C1F03DFBB001D25B7 /* Main.storyboard in Resources */ = {isa = PBXBuildFile; fileRef = 67E5490A1F03DFBB001D25B7 /* Main.storyboard */; };
		67FD9D781EFFB0F200DF4ABB /* AppDelegate.swift in Sources */ = {isa = PBXBuildFile; fileRef = 67FD9D771EFFB0F200DF4ABB /* AppDelegate.swift */; };
		67FD9D7A1EFFB0F200DF4ABB /* MainController.swift in Sources */ = {isa = PBXBuildFile; fileRef = 67FD9D791EFFB0F200DF4ABB /* MainController.swift */; };
		67FD9D7D1EFFB0F200DF4ABB /* Main.storyboard in Resources */ = {isa = PBXBuildFile; fileRef = 67FD9D7B1EFFB0F200DF4ABB /* Main.storyboard */; };
		67FD9D7F1EFFB0F200DF4ABB /* Assets.xcassets in Resources */ = {isa = PBXBuildFile; fileRef = 67FD9D7E1EFFB0F200DF4ABB /* Assets.xcassets */; };
		67FD9D821EFFB0F200DF4ABB /* LaunchScreen.storyboard in Resources */ = {isa = PBXBuildFile; fileRef = 67FD9D801EFFB0F200DF4ABB /* LaunchScreen.storyboard */; };
/* End PBXBuildFile section */

/* Begin PBXFileReference section */
		673B6F911F62CFFB009EFF82 /* DancingFingers.swift */ = {isa = PBXFileReference; lastKnownFileType = sourcecode.swift; path = DancingFingers.swift; sourceTree = "<group>"; };
		67E549021F03DFBB001D25B7 /* Track Keyboard.app */ = {isa = PBXFileReference; explicitFileType = wrapper.application; includeInIndex = 0; path = "Track Keyboard.app"; sourceTree = BUILT_PRODUCTS_DIR; };
		67E549041F03DFBB001D25B7 /* AppDelegate.swift */ = {isa = PBXFileReference; lastKnownFileType = sourcecode.swift; path = AppDelegate.swift; sourceTree = "<group>"; };
		67E549061F03DFBB001D25B7 /* ViewController.swift */ = {isa = PBXFileReference; lastKnownFileType = sourcecode.swift; path = ViewController.swift; sourceTree = "<group>"; };
		67E549081F03DFBB001D25B7 /* Assets.xcassets */ = {isa = PBXFileReference; lastKnownFileType = folder.assetcatalog; path = Assets.xcassets; sourceTree = "<group>"; };
		67E5490B1F03DFBB001D25B7 /* Base */ = {isa = PBXFileReference; lastKnownFileType = file.storyboard; name = Base; path = Base.lproj/Main.storyboard; sourceTree = "<group>"; };
		67E5490D1F03DFBB001D25B7 /* Info.plist */ = {isa = PBXFileReference; lastKnownFileType = text.plist.xml; path = Info.plist; sourceTree = "<group>"; };
		67E5490E1F03DFBB001D25B7 /* Track_Keyboard.entitlements */ = {isa = PBXFileReference; lastKnownFileType = text.plist.entitlements; path = Track_Keyboard.entitlements; sourceTree = "<group>"; };
		67FD9D741EFFB0F200DF4ABB /* Dancing Fingers Keyboard.app */ = {isa = PBXFileReference; explicitFileType = wrapper.application; includeInIndex = 0; path = "Dancing Fingers Keyboard.app"; sourceTree = BUILT_PRODUCTS_DIR; };
		67FD9D771EFFB0F200DF4ABB /* AppDelegate.swift */ = {isa = PBXFileReference; lastKnownFileType = sourcecode.swift; path = AppDelegate.swift; sourceTree = "<group>"; };
		67FD9D791EFFB0F200DF4ABB /* MainController.swift */ = {isa = PBXFileReference; lastKnownFileType = sourcecode.swift; path = MainController.swift; sourceTree = "<group>"; };
		67FD9D7C1EFFB0F200DF4ABB /* Base */ = {isa = PBXFileReference; lastKnownFileType = file.storyboard; name = Base; path = Base.lproj/Main.storyboard; sourceTree = "<group>"; };
		67FD9D7E1EFFB0F200DF4ABB /* Assets.xcassets */ = {isa = PBXFileReference; lastKnownFileType = folder.assetcatalog; path = Assets.xcassets; sourceTree = "<group>"; };
		67FD9D811EFFB0F200DF4ABB /* Base */ = {isa = PBXFileReference; lastKnownFileType = file.storyboard; name = Base; path = Base.lproj/LaunchScreen.storyboard; sourceTree = "<group>"; };
		67FD9D831EFFB0F200DF4ABB /* Info.plist */ = {isa = PBXFileReference; lastKnownFileType = text.plist.xml; path = Info.plist; sourceTree = "<group>"; };
/* End PBXFileReference section */

/* Begin PBXFrameworksBuildPhase section */
		67E548FF1F03DFBB001D25B7 /* Frameworks */ = {
			isa = PBXFrameworksBuildPhase;
			buildActionMask = 2147483647;
			files = (
			);
			runOnlyForDeploymentPostprocessing = 0;
		};
		67FD9D711EFFB0F200DF4ABB /* Frameworks */ = {
			isa = PBXFrameworksBuildPhase;
			buildActionMask = 2147483647;
			files = (
			);
			runOnlyForDeploymentPostprocessing = 0;
		};
/* End PBXFrameworksBuildPhase section */

/* Begin PBXGroup section */
		673B6F901F62CFCD009EFF82 /* DancingFingersCore */ = {
			isa = PBXGroup;
			children = (
				673B6F911F62CFFB009EFF82 /* DancingFingers.swift */,
			);
			path = DancingFingersCore;
			sourceTree = "<group>";
		};
		67E549031F03DFBB001D25B7 /* iOS */ = {
			isa = PBXGroup;
			children = (
				67E549041F03DFBB001D25B7 /* AppDelegate.swift */,
				67E549061F03DFBB001D25B7 /* ViewController.swift */,
				67E549081F03DFBB001D25B7 /* Assets.xcassets */,
				67E5490A1F03DFBB001D25B7 /* Main.storyboard */,
				67E5490D1F03DFBB001D25B7 /* Info.plist */,
				67E5490E1F03DFBB001D25B7 /* Track_Keyboard.entitlements */,
			);
			path = iOS;
			sourceTree = "<group>";
		};
		67FD9D6B1EFFB0F200DF4ABB = {
			isa = PBXGroup;
			children = (
				673B6F901F62CFCD009EFF82 /* DancingFingersCore */,
				67FD9D761EFFB0F200DF4ABB /* OS X */,
				67E549031F03DFBB001D25B7 /* iOS */,
				67FD9D751EFFB0F200DF4ABB /* Products */,
			);
			sourceTree = "<group>";
		};
		67FD9D751EFFB0F200DF4ABB /* Products */ = {
			isa = PBXGroup;
			children = (
				67FD9D741EFFB0F200DF4ABB /* Dancing Fingers Keyboard.app */,
				67E549021F03DFBB001D25B7 /* Track Keyboard.app */,
			);
			name = Products;
			sourceTree = "<group>";
		};
		67FD9D761EFFB0F200DF4ABB /* OS X */ = {
			isa = PBXGroup;
			children = (
				67FD9D771EFFB0F200DF4ABB /* AppDelegate.swift */,
				67FD9D791EFFB0F200DF4ABB /* MainController.swift */,
				67FD9D7B1EFFB0F200DF4ABB /* Main.storyboard */,
				67FD9D7E1EFFB0F200DF4ABB /* Assets.xcassets */,
				67FD9D801EFFB0F200DF4ABB /* LaunchScreen.storyboard */,
				67FD9D831EFFB0F200DF4ABB /* Info.plist */,
			);
			path = "OS X";
			sourceTree = "<group>";
		};
/* End PBXGroup section */

/* Begin PBXNativeTarget section */
		67E549011F03DFBB001D25B7 /* Track Keyboard */ = {
			isa = PBXNativeTarget;
			buildConfigurationList = 67E549111F03DFBB001D25B7 /* Build configuration list for PBXNativeTarget "Track Keyboard" */;
			buildPhases = (
				67E548FE1F03DFBB001D25B7 /* Sources */,
				67E548FF1F03DFBB001D25B7 /* Frameworks */,
				67E549001F03DFBB001D25B7 /* Resources */,
			);
			buildRules = (
			);
			dependencies = (
			);
			name = "Track Keyboard";
			productName = "Track Keyboard";
			productReference = 67E549021F03DFBB001D25B7 /* Track Keyboard.app */;
			productType = "com.apple.product-type.application";
		};
		67FD9D731EFFB0F200DF4ABB /* Dancing Fingers Keyboard */ = {
			isa = PBXNativeTarget;
			buildConfigurationList = 67FD9D861EFFB0F200DF4ABB /* Build configuration list for PBXNativeTarget "Dancing Fingers Keyboard" */;
			buildPhases = (
				67FD9D701EFFB0F200DF4ABB /* Sources */,
				67FD9D711EFFB0F200DF4ABB /* Frameworks */,
				67FD9D721EFFB0F200DF4ABB /* Resources */,
			);
			buildRules = (
			);
			dependencies = (
			);
			name = "Dancing Fingers Keyboard";
			productName = "Forced Keyboard";
			productReference = 67FD9D741EFFB0F200DF4ABB /* Dancing Fingers Keyboard.app */;
			productType = "com.apple.product-type.application";
		};
/* End PBXNativeTarget section */

/* Begin PBXProject section */
		67FD9D6C1EFFB0F200DF4ABB /* Project object */ = {
			isa = PBXProject;
			attributes = {
				LastSwiftUpdateCheck = 0900;
				LastUpgradeCheck = 0900;
				ORGANIZATIONNAME = "Luke Stephens";
				TargetAttributes = {
					67E549011F03DFBB001D25B7 = {
						CreatedOnToolsVersion = 9.0;
					};
					67FD9D731EFFB0F200DF4ABB = {
						CreatedOnToolsVersion = 9.0;
					};
				};
			};
			buildConfigurationList = 67FD9D6F1EFFB0F200DF4ABB /* Build configuration list for PBXProject "Dancing Fingers Keyboard" */;
			compatibilityVersion = "Xcode 8.0";
			developmentRegion = en;
			hasScannedForEncodings = 0;
			knownRegions = (
				en,
				Base,
			);
			mainGroup = 67FD9D6B1EFFB0F200DF4ABB;
			productRefGroup = 67FD9D751EFFB0F200DF4ABB /* Products */;
			projectDirPath = "";
			projectRoot = "";
			targets = (
				67FD9D731EFFB0F200DF4ABB /* Dancing Fingers Keyboard */,
				67E549011F03DFBB001D25B7 /* Track Keyboard */,
			);
		};
/* End PBXProject section */

/* Begin PBXResourcesBuildPhase section */
		67E549001F03DFBB001D25B7 /* Resources */ = {
			isa = PBXResourcesBuildPhase;
			buildActionMask = 2147483647;
			files = (
				67E549091F03DFBB001D25B7 /* Assets.xcassets in Resources */,
				67E5490C1F03DFBB001D25B7 /* Main.storyboard in Resources */,
			);
			runOnlyForDeploymentPostprocessing = 0;
		};
		67FD9D721EFFB0F200DF4ABB /* Resources */ = {
			isa = PBXResourcesBuildPhase;
			buildActionMask = 2147483647;
			files = (
				67FD9D821EFFB0F200DF4ABB /* LaunchScreen.storyboard in Resources */,
				67FD9D7F1EFFB0F200DF4ABB /* Assets.xcassets in Resources */,
				67FD9D7D1EFFB0F200DF4ABB /* Main.storyboard in Resources */,
			);
			runOnlyForDeploymentPostprocessing = 0;
		};
/* End PBXResourcesBuildPhase section */

/* Begin PBXSourcesBuildPhase section */
		67E548FE1F03DFBB001D25B7 /* Sources */ = {
			isa = PBXSourcesBuildPhase;
			buildActionMask = 2147483647;
			files = (
				673B6F931F62CFFB009EFF82 /* DancingFingers.swift in Sources */,
				67E549071F03DFBB001D25B7 /* ViewController.swift in Sources */,
				67E549051F03DFBB001D25B7 /* AppDelegate.swift in Sources */,
			);
			runOnlyForDeploymentPostprocessing = 0;
		};
		67FD9D701EFFB0F200DF4ABB /* Sources */ = {
			isa = PBXSourcesBuildPhase;
			buildActionMask = 2147483647;
			files = (
				673B6F921F62CFFB009EFF82 /* DancingFingers.swift in Sources */,
				67FD9D7A1EFFB0F200DF4ABB /* MainController.swift in Sources */,
				67FD9D781EFFB0F200DF4ABB /* AppDelegate.swift in Sources */,
			);
			runOnlyForDeploymentPostprocessing = 0;
		};
/* End PBXSourcesBuildPhase section */

/* Begin PBXVariantGroup section */
		67E5490A1F03DFBB001D25B7 /* Main.storyboard */ = {
			isa = PBXVariantGroup;
			children = (
				67E5490B1F03DFBB001D25B7 /* Base */,
			);
			name = Main.storyboard;
			sourceTree = "<group>";
		};
		67FD9D7B1EFFB0F200DF4ABB /* Main.storyboard */ = {
			isa = PBXVariantGroup;
			children = (
				67FD9D7C1EFFB0F200DF4ABB /* Base */,
			);
			name = Main.storyboard;
			sourceTree = "<group>";
		};
		67FD9D801EFFB0F200DF4ABB /* LaunchScreen.storyboard */ = {
			isa = PBXVariantGroup;
			children = (
				67FD9D811EFFB0F200DF4ABB /* Base */,
			);
			name = LaunchScreen.storyboard;
			sourceTree = "<group>";
		};
/* End PBXVariantGroup section */

/* Begin XCBuildConfiguration section */
		67E5490F1F03DFBB001D25B7 /* Debug */ = {
			isa = XCBuildConfiguration;
			buildSettings = {
				ASSETCATALOG_COMPILER_APPICON_NAME = AppIcon;
				CODE_SIGN_ENTITLEMENTS = "Track Keyboard/Track_Keyboard.entitlements";
				CODE_SIGN_IDENTITY = "Mac Developer";
				COMBINE_HIDPI_IMAGES = YES;
				DEVELOPMENT_TEAM = Q6477K9VD4;
				INFOPLIST_FILE = "Track Keyboard/Info.plist";
				LD_RUNPATH_SEARCH_PATHS = "$(inherited) @executable_path/../Frameworks";
				MACOSX_DEPLOYMENT_TARGET = 10.12.2;
				PRODUCT_BUNDLE_IDENTIFIER = "com.lukestephens.Track-Keyboard";
				PRODUCT_NAME = "$(TARGET_NAME)";
				SDKROOT = macosx;
				SWIFT_VERSION = 4.0;
			};
			name = Debug;
		};
		67E549101F03DFBB001D25B7 /* Release */ = {
			isa = XCBuildConfiguration;
			buildSettings = {
				ASSETCATALOG_COMPILER_APPICON_NAME = AppIcon;
				CODE_SIGN_ENTITLEMENTS = "Track Keyboard/Track_Keyboard.entitlements";
				CODE_SIGN_IDENTITY = "Mac Developer";
				COMBINE_HIDPI_IMAGES = YES;
				DEVELOPMENT_TEAM = Q6477K9VD4;
				INFOPLIST_FILE = "Track Keyboard/Info.plist";
				LD_RUNPATH_SEARCH_PATHS = "$(inherited) @executable_path/../Frameworks";
				MACOSX_DEPLOYMENT_TARGET = 10.12.2;
				PRODUCT_BUNDLE_IDENTIFIER = "com.lukestephens.Track-Keyboard";
				PRODUCT_NAME = "$(TARGET_NAME)";
				SDKROOT = macosx;
				SWIFT_VERSION = 4.0;
			};
			name = Release;
		};
		67FD9D841EFFB0F200DF4ABB /* Debug */ = {
			isa = XCBuildConfiguration;
			buildSettings = {
				ALWAYS_SEARCH_USER_PATHS = NO;
				CLANG_ANALYZER_NONNULL = YES;
				CLANG_ANALYZER_NUMBER_OBJECT_CONVERSION = YES_AGGRESSIVE;
				CLANG_CXX_LANGUAGE_STANDARD = "gnu++14";
				CLANG_CXX_LIBRARY = "libc++";
				CLANG_ENABLE_MODULES = YES;
				CLANG_ENABLE_OBJC_ARC = YES;
				CLANG_WARN_BLOCK_CAPTURE_AUTORELEASING = YES;
				CLANG_WARN_BOOL_CONVERSION = YES;
				CLANG_WARN_COMMA = YES;
				CLANG_WARN_CONSTANT_CONVERSION = YES;
				CLANG_WARN_DIRECT_OBJC_ISA_USAGE = YES_ERROR;
				CLANG_WARN_DOCUMENTATION_COMMENTS = YES;
				CLANG_WARN_EMPTY_BODY = YES;
				CLANG_WARN_ENUM_CONVERSION = YES;
				CLANG_WARN_INFINITE_RECURSION = YES;
				CLANG_WARN_INT_CONVERSION = YES;
				CLANG_WARN_OBJC_ROOT_CLASS = YES_ERROR;
				CLANG_WARN_RANGE_LOOP_ANALYSIS = YES;
				CLANG_WARN_STRICT_PROTOTYPES = YES;
				CLANG_WARN_SUSPICIOUS_MOVE = YES;
				CLANG_WARN_UNGUARDED_AVAILABILITY = YES_AGGRESSIVE;
				CLANG_WARN_UNREACHABLE_CODE = YES;
				CLANG_WARN__DUPLICATE_METHOD_MATCH = YES;
				CODE_SIGN_IDENTITY = "iPhone Developer";
				COPY_PHASE_STRIP = NO;
				DEBUG_INFORMATION_FORMAT = dwarf;
				ENABLE_STRICT_OBJC_MSGSEND = YES;
				ENABLE_TESTABILITY = YES;
				GCC_C_LANGUAGE_STANDARD = gnu11;
				GCC_DYNAMIC_NO_PIC = NO;
				GCC_NO_COMMON_BLOCKS = YES;
				GCC_OPTIMIZATION_LEVEL = 0;
				GCC_PREPROCESSOR_DEFINITIONS = (
					"DEBUG=1",
					"$(inherited)",
				);
				GCC_WARN_64_TO_32_BIT_CONVERSION = YES;
				GCC_WARN_ABOUT_RETURN_TYPE = YES_ERROR;
				GCC_WARN_UNDECLARED_SELECTOR = YES;
				GCC_WARN_UNINITIALIZED_AUTOS = YES_AGGRESSIVE;
				GCC_WARN_UNUSED_FUNCTION = YES;
				GCC_WARN_UNUSED_VARIABLE = YES;
				IPHONEOS_DEPLOYMENT_TARGET = 11.0;
				MTL_ENABLE_DEBUG_INFO = YES;
				ONLY_ACTIVE_ARCH = YES;
				SDKROOT = iphoneos;
				SWIFT_ACTIVE_COMPILATION_CONDITIONS = DEBUG;
				SWIFT_OPTIMIZATION_LEVEL = "-Onone";
			};
			name = Debug;
		};
		67FD9D851EFFB0F200DF4ABB /* Release */ = {
			isa = XCBuildConfiguration;
			buildSettings = {
				ALWAYS_SEARCH_USER_PATHS = NO;
				CLANG_ANALYZER_NONNULL = YES;
				CLANG_ANALYZER_NUMBER_OBJECT_CONVERSION = YES_AGGRESSIVE;
				CLANG_CXX_LANGUAGE_STANDARD = "gnu++14";
				CLANG_CXX_LIBRARY = "libc++";
				CLANG_ENABLE_MODULES = YES;
				CLANG_ENABLE_OBJC_ARC = YES;
				CLANG_WARN_BLOCK_CAPTURE_AUTORELEASING = YES;
				CLANG_WARN_BOOL_CONVERSION = YES;
				CLANG_WARN_COMMA = YES;
				CLANG_WARN_CONSTANT_CONVERSION = YES;
				CLANG_WARN_DIRECT_OBJC_ISA_USAGE = YES_ERROR;
				CLANG_WARN_DOCUMENTATION_COMMENTS = YES;
				CLANG_WARN_EMPTY_BODY = YES;
				CLANG_WARN_ENUM_CONVERSION = YES;
				CLANG_WARN_INFINITE_RECURSION = YES;
				CLANG_WARN_INT_CONVERSION = YES;
				CLANG_WARN_OBJC_ROOT_CLASS = YES_ERROR;
				CLANG_WARN_RANGE_LOOP_ANALYSIS = YES;
				CLANG_WARN_STRICT_PROTOTYPES = YES;
				CLANG_WARN_SUSPICIOUS_MOVE = YES;
				CLANG_WARN_UNGUARDED_AVAILABILITY = YES_AGGRESSIVE;
				CLANG_WARN_UNREACHABLE_CODE = YES;
				CLANG_WARN__DUPLICATE_METHOD_MATCH = YES;
				CODE_SIGN_IDENTITY = "iPhone Developer";
				COPY_PHASE_STRIP = NO;
				DEBUG_INFORMATION_FORMAT = "dwarf-with-dsym";
				ENABLE_NS_ASSERTIONS = NO;
				ENABLE_STRICT_OBJC_MSGSEND = YES;
				GCC_C_LANGUAGE_STANDARD = gnu11;
				GCC_NO_COMMON_BLOCKS = YES;
				GCC_WARN_64_TO_32_BIT_CONVERSION = YES;
				GCC_WARN_ABOUT_RETURN_TYPE = YES_ERROR;
				GCC_WARN_UNDECLARED_SELECTOR = YES;
				GCC_WARN_UNINITIALIZED_AUTOS = YES_AGGRESSIVE;
				GCC_WARN_UNUSED_FUNCTION = YES;
				GCC_WARN_UNUSED_VARIABLE = YES;
				IPHONEOS_DEPLOYMENT_TARGET = 11.0;
				MTL_ENABLE_DEBUG_INFO = NO;
				SDKROOT = iphoneos;
				SWIFT_OPTIMIZATION_LEVEL = "-Owholemodule";
				VALIDATE_PRODUCT = YES;
			};
			name = Release;
		};
		67FD9D871EFFB0F200DF4ABB /* Debug */ = {
			isa = XCBuildConfiguration;
			buildSettings = {
				ASSETCATALOG_COMPILER_APPICON_NAME = AppIcon;
				DEVELOPMENT_TEAM = Q6477K9VD4;
				INFOPLIST_FILE = "Forced Keyboard/Info.plist";
				LD_RUNPATH_SEARCH_PATHS = "$(inherited) @executable_path/Frameworks";
				PRODUCT_BUNDLE_IDENTIFIER = "com.lukestephens.Forced-Keyboard";
				PRODUCT_NAME = "$(TARGET_NAME)";
				SWIFT_VERSION = 4.0;
				TARGETED_DEVICE_FAMILY = "1,2";
			};
			name = Debug;
		};
		67FD9D881EFFB0F200DF4ABB /* Release */ = {
			isa = XCBuildConfiguration;
			buildSettings = {
				ASSETCATALOG_COMPILER_APPICON_NAME = AppIcon;
				DEVELOPMENT_TEAM = Q6477K9VD4;
				INFOPLIST_FILE = "Forced Keyboard/Info.plist";
				LD_RUNPATH_SEARCH_PATHS = "$(inherited) @executable_path/Frameworks";
				PRODUCT_BUNDLE_IDENTIFIER = "com.lukestephens.Forced-Keyboard";
				PRODUCT_NAME = "$(TARGET_NAME)";
				SWIFT_VERSION = 4.0;
				TARGETED_DEVICE_FAMILY = "1,2";
			};
			name = Release;
		};
/* End XCBuildConfiguration section */

/* Begin XCConfigurationList section */
		67E549111F03DFBB001D25B7 /* Build configuration list for PBXNativeTarget "Track Keyboard" */ = {
			isa = XCConfigurationList;
			buildConfigurations = (
				67E5490F1F03DFBB001D25B7 /* Debug */,
				67E549101F03DFBB001D25B7 /* Release */,
			);
			defaultConfigurationIsVisible = 0;
			defaultConfigurationName = Release;
		};
		67FD9D6F1EFFB0F200DF4ABB /* Build configuration list for PBXProject "Dancing Fingers Keyboard" */ = {
			isa = XCConfigurationList;
			buildConfigurations = (
				67FD9D841EFFB0F200DF4ABB /* Debug */,
				67FD9D851EFFB0F200DF4ABB /* Release */,
			);
			defaultConfigurationIsVisible = 0;
			defaultConfigurationName = Release;
		};
		67FD9D861EFFB0F200DF4ABB /* Build configuration list for PBXNativeTarget "Dancing Fingers Keyboard" */ = {
			isa = XCConfigurationList;
			buildConfigurations = (
				67FD9D871EFFB0F200DF4ABB /* Debug */,
				67FD9D881EFFB0F200DF4ABB /* Release */,
			);
			defaultConfigurationIsVisible = 0;
			defaultConfigurationName = Release;
		};
/* End XCConfigurationList section */
	};
	rootObject = 67FD9D6C1EFFB0F200DF4ABB /* Project object */;
}
